// !$*UTF8*$!
{
	archiveVersion = 1;
	classes = {
	};
	objectVersion = 77;
	objects = {

/* Begin PBXBuildFile section */
		9F7ED2452EA270F4006708B8 /* WidgetKit.framework in Frameworks */ = {isa = PBXBuildFile; fileRef = 9F7ED2442EA270F4006708B8 /* WidgetKit.framework */; };
		9F7ED2472EA270F4006708B8 /* SwiftUI.framework in Frameworks */ = {isa = PBXBuildFile; fileRef = 9F7ED2462EA270F4006708B8 /* SwiftUI.framework */; };
		9F7ED2562EA270F7006708B8 /* IdentityBuilderWidgetExtension.appex in Embed Foundation Extensions */ = {isa = PBXBuildFile; fileRef = 9F7ED2422EA270F4006708B8 /* IdentityBuilderWidgetExtension.appex */; settings = {ATTRIBUTES = (RemoveHeadersOnCopy, ); }; };
/* End PBXBuildFile section */

/* Begin PBXContainerItemProxy section */
		9F5D93782E9736FC00D30A9F /* PBXContainerItemProxy */ = {
			isa = PBXContainerItemProxy;
			containerPortal = 9F5D935E2E9736F900D30A9F /* Project object */;
			proxyType = 1;
			remoteGlobalIDString = 9F5D93652E9736F900D30A9F;
			remoteInfo = identitybuilder;
		};
		9F5D93822E9736FC00D30A9F /* PBXContainerItemProxy */ = {
			isa = PBXContainerItemProxy;
			containerPortal = 9F5D935E2E9736F900D30A9F /* Project object */;
			proxyType = 1;
			remoteGlobalIDString = 9F5D93652E9736F900D30A9F;
			remoteInfo = identitybuilder;
		};
		9F7ED2542EA270F7006708B8 /* PBXContainerItemProxy */ = {
			isa = PBXContainerItemProxy;
			containerPortal = 9F5D935E2E9736F900D30A9F /* Project object */;
			proxyType = 1;
			remoteGlobalIDString = 9F7ED2412EA270F4006708B8;
			remoteInfo = IdentityBuilderWidgetExtension;
		};
/* End PBXContainerItemProxy section */

/* Begin PBXCopyFilesBuildPhase section */
		9F7ED25B2EA270F7006708B8 /* Embed Foundation Extensions */ = {
			isa = PBXCopyFilesBuildPhase;
			buildActionMask = 2147483647;
			dstPath = "";
			dstSubfolderSpec = 13;
			files = (
				9F7ED2562EA270F7006708B8 /* IdentityBuilderWidgetExtension.appex in Embed Foundation Extensions */,
			);
			name = "Embed Foundation Extensions";
			runOnlyForDeploymentPostprocessing = 0;
		};
/* End PBXCopyFilesBuildPhase section */

/* Begin PBXFileReference section */
		9F5D93662E9736F900D30A9F /* identitybuilder.app */ = {isa = PBXFileReference; explicitFileType = wrapper.application; includeInIndex = 0; path = identitybuilder.app; sourceTree = BUILT_PRODUCTS_DIR; };
		9F5D93772E9736FC00D30A9F /* identitybuilderTests.xctest */ = {isa = PBXFileReference; explicitFileType = wrapper.cfbundle; includeInIndex = 0; path = identitybuilderTests.xctest; sourceTree = BUILT_PRODUCTS_DIR; };
		9F5D93812E9736FC00D30A9F /* identitybuilderUITests.xctest */ = {isa = PBXFileReference; explicitFileType = wrapper.cfbundle; includeInIndex = 0; path = identitybuilderUITests.xctest; sourceTree = BUILT_PRODUCTS_DIR; };
		9F7ED2422EA270F4006708B8 /* IdentityBuilderWidgetExtension.appex */ = {isa = PBXFileReference; explicitFileType = "wrapper.app-extension"; includeInIndex = 0; path = IdentityBuilderWidgetExtension.appex; sourceTree = BUILT_PRODUCTS_DIR; };
		9F7ED2442EA270F4006708B8 /* WidgetKit.framework */ = {isa = PBXFileReference; lastKnownFileType = wrapper.framework; name = WidgetKit.framework; path = System/Library/Frameworks/WidgetKit.framework; sourceTree = SDKROOT; };
		9F7ED2462EA270F4006708B8 /* SwiftUI.framework */ = {isa = PBXFileReference; lastKnownFileType = wrapper.framework; name = SwiftUI.framework; path = System/Library/Frameworks/SwiftUI.framework; sourceTree = SDKROOT; };
		9F7ED2642EA27244006708B8 /* IdentityBuilderWidgetExtension.entitlements */ = {isa = PBXFileReference; lastKnownFileType = text.plist.entitlements; path = IdentityBuilderWidgetExtension.entitlements; sourceTree = "<group>"; };
/* End PBXFileReference section */

/* Begin PBXFileSystemSynchronizedBuildFileExceptionSet section */
		9F5D93892E9736FC00D30A9F /* Exceptions for "identitybuilder" folder in "identitybuilder" target */ = {
			isa = PBXFileSystemSynchronizedBuildFileExceptionSet;
			membershipExceptions = (
				HabitWidget.swift,
				HabitWidgetBundle.swift,
				Info.plist,
			);
			target = 9F5D93652E9736F900D30A9F /* identitybuilder */;
		};
		9F7ED25A2EA270F7006708B8 /* Exceptions for "IdentityBuilderWidget" folder in "IdentityBuilderWidgetExtension" target */ = {
			isa = PBXFileSystemSynchronizedBuildFileExceptionSet;
			membershipExceptions = (
				Info.plist,
			);
			target = 9F7ED2412EA270F4006708B8 /* IdentityBuilderWidgetExtension */;
		};
		9F7ED25D2EA2715C006708B8 /* Exceptions for "identitybuilder" folder in "IdentityBuilderWidgetExtension" target */ = {
			isa = PBXFileSystemSynchronizedBuildFileExceptionSet;
			membershipExceptions = (
				HabitExtensions.swift,
				HabitWidget.swift,
				HabitWidgetBundle.swift,
				Models.swift,
				SharedData.swift,
				WidgetModels.swift,
			);
			target = 9F7ED2412EA270F4006708B8 /* IdentityBuilderWidgetExtension */;
		};
/* End PBXFileSystemSynchronizedBuildFileExceptionSet section */

/* Begin PBXFileSystemSynchronizedRootGroup section */
		9F5D93682E9736F900D30A9F /* identitybuilder */ = {
			isa = PBXFileSystemSynchronizedRootGroup;
			exceptions = (
				9F5D93892E9736FC00D30A9F /* Exceptions for "identitybuilder" folder in "identitybuilder" target */,
				9F7ED25D2EA2715C006708B8 /* Exceptions for "identitybuilder" folder in "IdentityBuilderWidgetExtension" target */,
			);
			path = identitybuilder;
			sourceTree = "<group>";
		};
		9F5D937A2E9736FC00D30A9F /* identitybuilderTests */ = {
			isa = PBXFileSystemSynchronizedRootGroup;
			path = identitybuilderTests;
			sourceTree = "<group>";
		};
		9F5D93842E9736FC00D30A9F /* identitybuilderUITests */ = {
			isa = PBXFileSystemSynchronizedRootGroup;
			path = identitybuilderUITests;
			sourceTree = "<group>";
		};
		9F7ED2482EA270F4006708B8 /* IdentityBuilderWidget */ = {
			isa = PBXFileSystemSynchronizedRootGroup;
			exceptions = (
				9F7ED25A2EA270F7006708B8 /* Exceptions for "IdentityBuilderWidget" folder in "IdentityBuilderWidgetExtension" target */,
			);
			path = IdentityBuilderWidget;
			sourceTree = "<group>";
		};
/* End PBXFileSystemSynchronizedRootGroup section */

/* Begin PBXFrameworksBuildPhase section */
		9F5D93632E9736F900D30A9F /* Frameworks */ = {
			isa = PBXFrameworksBuildPhase;
			buildActionMask = 2147483647;
			files = (
			);
			runOnlyForDeploymentPostprocessing = 0;
		};
		9F5D93742E9736FC00D30A9F /* Frameworks */ = {
			isa = PBXFrameworksBuildPhase;
			buildActionMask = 2147483647;
			files = (
			);
			runOnlyForDeploymentPostprocessing = 0;
		};
		9F5D937E2E9736FC00D30A9F /* Frameworks */ = {
			isa = PBXFrameworksBuildPhase;
			buildActionMask = 2147483647;
			files = (
			);
			runOnlyForDeploymentPostprocessing = 0;
		};
		9F7ED23F2EA270F4006708B8 /* Frameworks */ = {
			isa = PBXFrameworksBuildPhase;
			buildActionMask = 2147483647;
			files = (
				9F7ED2472EA270F4006708B8 /* SwiftUI.framework in Frameworks */,
				9F7ED2452EA270F4006708B8 /* WidgetKit.framework in Frameworks */,
			);
			runOnlyForDeploymentPostprocessing = 0;
		};
/* End PBXFrameworksBuildPhase section */

/* Begin PBXGroup section */
		9F5D935D2E9736F900D30A9F = {
			isa = PBXGroup;
			children = (
				9F7ED2642EA27244006708B8 /* IdentityBuilderWidgetExtension.entitlements */,
				9F5D93682E9736F900D30A9F /* identitybuilder */,
				9F5D937A2E9736FC00D30A9F /* identitybuilderTests */,
				9F5D93842E9736FC00D30A9F /* identitybuilderUITests */,
				9F7ED2482EA270F4006708B8 /* IdentityBuilderWidget */,
				9F7ED2432EA270F4006708B8 /* Frameworks */,
				9F5D93672E9736F900D30A9F /* Products */,
			);
			sourceTree = "<group>";
		};
		9F5D93672E9736F900D30A9F /* Products */ = {
			isa = PBXGroup;
			children = (
				9F5D93662E9736F900D30A9F /* identitybuilder.app */,
				9F5D93772E9736FC00D30A9F /* identitybuilderTests.xctest */,
				9F5D93812E9736FC00D30A9F /* identitybuilderUITests.xctest */,
				9F7ED2422EA270F4006708B8 /* IdentityBuilderWidgetExtension.appex */,
			);
			name = Products;
			sourceTree = "<group>";
		};
		9F7ED2432EA270F4006708B8 /* Frameworks */ = {
			isa = PBXGroup;
			children = (
				9F7ED2442EA270F4006708B8 /* WidgetKit.framework */,
				9F7ED2462EA270F4006708B8 /* SwiftUI.framework */,
			);
			name = Frameworks;
			sourceTree = "<group>";
		};
/* End PBXGroup section */

/* Begin PBXNativeTarget section */
		9F5D93652E9736F900D30A9F /* identitybuilder */ = {
			isa = PBXNativeTarget;
			buildConfigurationList = 9F5D938A2E9736FC00D30A9F /* Build configuration list for PBXNativeTarget "identitybuilder" */;
			buildPhases = (
				9F5D93622E9736F900D30A9F /* Sources */,
				9F5D93632E9736F900D30A9F /* Frameworks */,
				9F5D93642E9736F900D30A9F /* Resources */,
				9F7ED25B2EA270F7006708B8 /* Embed Foundation Extensions */,
			);
			buildRules = (
			);
			dependencies = (
				9F7ED2552EA270F7006708B8 /* PBXTargetDependency */,
			);
			fileSystemSynchronizedGroups = (
				9F5D93682E9736F900D30A9F /* identitybuilder */,
			);
			name = identitybuilder;
			packageProductDependencies = (
			);
			productName = identitybuilder;
			productReference = 9F5D93662E9736F900D30A9F /* identitybuilder.app */;
			productType = "com.apple.product-type.application";
		};
		9F5D93762E9736FC00D30A9F /* identitybuilderTests */ = {
			isa = PBXNativeTarget;
			buildConfigurationList = 9F5D938F2E9736FC00D30A9F /* Build configuration list for PBXNativeTarget "identitybuilderTests" */;
			buildPhases = (
				9F5D93732E9736FC00D30A9F /* Sources */,
				9F5D93742E9736FC00D30A9F /* Frameworks */,
				9F5D93752E9736FC00D30A9F /* Resources */,
			);
			buildRules = (
			);
			dependencies = (
				9F5D93792E9736FC00D30A9F /* PBXTargetDependency */,
			);
			fileSystemSynchronizedGroups = (
				9F5D937A2E9736FC00D30A9F /* identitybuilderTests */,
			);
			name = identitybuilderTests;
			packageProductDependencies = (
			);
			productName = identitybuilderTests;
			productReference = 9F5D93772E9736FC00D30A9F /* identitybuilderTests.xctest */;
			productType = "com.apple.product-type.bundle.unit-test";
		};
		9F5D93802E9736FC00D30A9F /* identitybuilderUITests */ = {
			isa = PBXNativeTarget;
			buildConfigurationList = 9F5D93922E9736FC00D30A9F /* Build configuration list for PBXNativeTarget "identitybuilderUITests" */;
			buildPhases = (
				9F5D937D2E9736FC00D30A9F /* Sources */,
				9F5D937E2E9736FC00D30A9F /* Frameworks */,
				9F5D937F2E9736FC00D30A9F /* Resources */,
			);
			buildRules = (
			);
			dependencies = (
				9F5D93832E9736FC00D30A9F /* PBXTargetDependency */,
			);
			fileSystemSynchronizedGroups = (
				9F5D93842E9736FC00D30A9F /* identitybuilderUITests */,
			);
			name = identitybuilderUITests;
			packageProductDependencies = (
			);
			productName = identitybuilderUITests;
			productReference = 9F5D93812E9736FC00D30A9F /* identitybuilderUITests.xctest */;
			productType = "com.apple.product-type.bundle.ui-testing";
		};
		9F7ED2412EA270F4006708B8 /* IdentityBuilderWidgetExtension */ = {
			isa = PBXNativeTarget;
			buildConfigurationList = 9F7ED2572EA270F7006708B8 /* Build configuration list for PBXNativeTarget "IdentityBuilderWidgetExtension" */;
			buildPhases = (
				9F7ED23E2EA270F4006708B8 /* Sources */,
				9F7ED23F2EA270F4006708B8 /* Frameworks */,
				9F7ED2402EA270F4006708B8 /* Resources */,
			);
			buildRules = (
			);
			dependencies = (
			);
			fileSystemSynchronizedGroups = (
				9F7ED2482EA270F4006708B8 /* IdentityBuilderWidget */,
			);
			name = IdentityBuilderWidgetExtension;
			packageProductDependencies = (
			);
			productName = IdentityBuilderWidgetExtension;
			productReference = 9F7ED2422EA270F4006708B8 /* IdentityBuilderWidgetExtension.appex */;
			productType = "com.apple.product-type.app-extension";
		};
/* End PBXNativeTarget section */

/* Begin PBXProject section */
		9F5D935E2E9736F900D30A9F /* Project object */ = {
			isa = PBXProject;
			attributes = {
				BuildIndependentTargetsInParallel = 1;
				LastSwiftUpdateCheck = 2600;
				LastUpgradeCheck = 2600;
				TargetAttributes = {
					9F5D93652E9736F900D30A9F = {
						CreatedOnToolsVersion = 26.0.1;
					};
					9F5D93762E9736FC00D30A9F = {
						CreatedOnToolsVersion = 26.0.1;
						TestTargetID = 9F5D93652E9736F900D30A9F;
					};
					9F5D93802E9736FC00D30A9F = {
						CreatedOnToolsVersion = 26.0.1;
						TestTargetID = 9F5D93652E9736F900D30A9F;
					};
					9F7ED2412EA270F4006708B8 = {
						CreatedOnToolsVersion = 26.0.1;
					};
				};
			};
			buildConfigurationList = 9F5D93612E9736F900D30A9F /* Build configuration list for PBXProject "identitybuilder" */;
			developmentRegion = en;
			hasScannedForEncodings = 0;
			knownRegions = (
				en,
				Base,
			);
			mainGroup = 9F5D935D2E9736F900D30A9F;
			minimizedProjectReferenceProxies = 1;
			preferredProjectObjectVersion = 77;
			productRefGroup = 9F5D93672E9736F900D30A9F /* Products */;
			projectDirPath = "";
			projectRoot = "";
			targets = (
				9F5D93652E9736F900D30A9F /* identitybuilder */,
				9F5D93762E9736FC00D30A9F /* identitybuilderTests */,
				9F5D93802E9736FC00D30A9F /* identitybuilderUITests */,
				9F7ED2412EA270F4006708B8 /* IdentityBuilderWidgetExtension */,
			);
		};
/* End PBXProject section */

/* Begin PBXResourcesBuildPhase section */
		9F5D93642E9736F900D30A9F /* Resources */ = {
			isa = PBXResourcesBuildPhase;
			buildActionMask = 2147483647;
			files = (
			);
			runOnlyForDeploymentPostprocessing = 0;
		};
		9F5D93752E9736FC00D30A9F /* Resources */ = {
			isa = PBXResourcesBuildPhase;
			buildActionMask = 2147483647;
			files = (
			);
			runOnlyForDeploymentPostprocessing = 0;
		};
		9F5D937F2E9736FC00D30A9F /* Resources */ = {
			isa = PBXResourcesBuildPhase;
			buildActionMask = 2147483647;
			files = (
			);
			runOnlyForDeploymentPostprocessing = 0;
		};
		9F7ED2402EA270F4006708B8 /* Resources */ = {
			isa = PBXResourcesBuildPhase;
			buildActionMask = 2147483647;
			files = (
			);
			runOnlyForDeploymentPostprocessing = 0;
		};
/* End PBXResourcesBuildPhase section */

/* Begin PBXSourcesBuildPhase section */
		9F5D93622E9736F900D30A9F /* Sources */ = {
			isa = PBXSourcesBuildPhase;
			buildActionMask = 2147483647;
			files = (
			);
			runOnlyForDeploymentPostprocessing = 0;
		};
		9F5D93732E9736FC00D30A9F /* Sources */ = {
			isa = PBXSourcesBuildPhase;
			buildActionMask = 2147483647;
			files = (
			);
			runOnlyForDeploymentPostprocessing = 0;
		};
		9F5D937D2E9736FC00D30A9F /* Sources */ = {
			isa = PBXSourcesBuildPhase;
			buildActionMask = 2147483647;
			files = (
			);
			runOnlyForDeploymentPostprocessing = 0;
		};
		9F7ED23E2EA270F4006708B8 /* Sources */ = {
			isa = PBXSourcesBuildPhase;
			buildActionMask = 2147483647;
			files = (
			);
			runOnlyForDeploymentPostprocessing = 0;
		};
/* End PBXSourcesBuildPhase section */

/* Begin PBXTargetDependency section */
		9F5D93792E9736FC00D30A9F /* PBXTargetDependency */ = {
			isa = PBXTargetDependency;
			target = 9F5D93652E9736F900D30A9F /* identitybuilder */;
			targetProxy = 9F5D93782E9736FC00D30A9F /* PBXContainerItemProxy */;
		};
		9F5D93832E9736FC00D30A9F /* PBXTargetDependency */ = {
			isa = PBXTargetDependency;
			target = 9F5D93652E9736F900D30A9F /* identitybuilder */;
			targetProxy = 9F5D93822E9736FC00D30A9F /* PBXContainerItemProxy */;
		};
		9F7ED2552EA270F7006708B8 /* PBXTargetDependency */ = {
			isa = PBXTargetDependency;
			target = 9F7ED2412EA270F4006708B8 /* IdentityBuilderWidgetExtension */;
			targetProxy = 9F7ED2542EA270F7006708B8 /* PBXContainerItemProxy */;
		};
/* End PBXTargetDependency section */

/* Begin XCBuildConfiguration section */
		9F5D938B2E9736FC00D30A9F /* Debug */ = {
			isa = XCBuildConfiguration;
			buildSettings = {
				ASSETCATALOG_COMPILER_APPICON_NAME = AppIcon;
				ASSETCATALOG_COMPILER_GLOBAL_ACCENT_COLOR_NAME = AccentColor;
				CODE_SIGN_ENTITLEMENTS = identitybuilder/identitybuilder.entitlements;
				CODE_SIGN_STYLE = Automatic;
				CURRENT_PROJECT_VERSION = 1;
				DEVELOPMENT_TEAM = 4CXBYS784C;
				ENABLE_PREVIEWS = YES;
				GENERATE_INFOPLIST_FILE = YES;
				INFOPLIST_FILE = identitybuilder/Info.plist;
				INFOPLIST_KEY_CFBundleDisplayName = IdentityBuilder;
				INFOPLIST_KEY_UIApplicationSceneManifest_Generation = YES;
				INFOPLIST_KEY_UIApplicationSupportsIndirectInputEvents = YES;
				INFOPLIST_KEY_UILaunchScreen_Generation = YES;
				INFOPLIST_KEY_UISupportedInterfaceOrientations_iPad = "UIInterfaceOrientationPortrait UIInterfaceOrientationPortraitUpsideDown UIInterfaceOrientationLandscapeLeft UIInterfaceOrientationLandscapeRight";
				INFOPLIST_KEY_UISupportedInterfaceOrientations_iPhone = "UIInterfaceOrientationPortrait UIInterfaceOrientationLandscapeLeft UIInterfaceOrientationLandscapeRight";
				LD_RUNPATH_SEARCH_PATHS = (
					"$(inherited)",
					"@executable_path/Frameworks",
				);
				MARKETING_VERSION = 1.0;
				PRODUCT_BUNDLE_IDENTIFIER = "erin-ndrio.identitybuilder";
				PRODUCT_NAME = "$(TARGET_NAME)";
				STRING_CATALOG_GENERATE_SYMBOLS = YES;
				SWIFT_APPROACHABLE_CONCURRENCY = YES;
				SWIFT_DEFAULT_ACTOR_ISOLATION = MainActor;
				SWIFT_EMIT_LOC_STRINGS = YES;
				SWIFT_UPCOMING_FEATURE_MEMBER_IMPORT_VISIBILITY = YES;
				SWIFT_VERSION = 5.0;
				TARGETED_DEVICE_FAMILY = "1,2";
			};
			name = Debug;
		};
		9F5D938C2E9736FC00D30A9F /* Release */ = {
			isa = XCBuildConfiguration;
			buildSettings = {
				ASSETCATALOG_COMPILER_APPICON_NAME = AppIcon;
				ASSETCATALOG_COMPILER_GLOBAL_ACCENT_COLOR_NAME = AccentColor;
				CODE_SIGN_ENTITLEMENTS = identitybuilder/identitybuilder.entitlements;
				CODE_SIGN_STYLE = Automatic;
				CURRENT_PROJECT_VERSION = 1;
				DEVELOPMENT_TEAM = 4CXBYS784C;
				ENABLE_PREVIEWS = YES;
				GENERATE_INFOPLIST_FILE = YES;
				INFOPLIST_FILE = identitybuilder/Info.plist;
				INFOPLIST_KEY_CFBundleDisplayName = IdentityBuilder;
				INFOPLIST_KEY_UIApplicationSceneManifest_Generation = YES;
				INFOPLIST_KEY_UIApplicationSupportsIndirectInputEvents = YES;
				INFOPLIST_KEY_UILaunchScreen_Generation = YES;
				INFOPLIST_KEY_UISupportedInterfaceOrientations_iPad = "UIInterfaceOrientationPortrait UIInterfaceOrientationPortraitUpsideDown UIInterfaceOrientationLandscapeLeft UIInterfaceOrientationLandscapeRight";
				INFOPLIST_KEY_UISupportedInterfaceOrientations_iPhone = "UIInterfaceOrientationPortrait UIInterfaceOrientationLandscapeLeft UIInterfaceOrientationLandscapeRight";
				LD_RUNPATH_SEARCH_PATHS = (
					"$(inherited)",
					"@executable_path/Frameworks",
				);
				MARKETING_VERSION = 1.0;
				PRODUCT_BUNDLE_IDENTIFIER = "erin-ndrio.identitybuilder";
				PRODUCT_NAME = "$(TARGET_NAME)";
				STRING_CATALOG_GENERATE_SYMBOLS = YES;
				SWIFT_APPROACHABLE_CONCURRENCY = YES;
				SWIFT_DEFAULT_ACTOR_ISOLATION = MainActor;
				SWIFT_EMIT_LOC_STRINGS = YES;
				SWIFT_UPCOMING_FEATURE_MEMBER_IMPORT_VISIBILITY = YES;
				SWIFT_VERSION = 5.0;
				TARGETED_DEVICE_FAMILY = "1,2";
			};
			name = Release;
		};
		9F5D938D2E9736FC00D30A9F /* Debug */ = {
			isa = XCBuildConfiguration;
			buildSettings = {
				ALWAYS_SEARCH_USER_PATHS = NO;
				ASSETCATALOG_COMPILER_GENERATE_SWIFT_ASSET_SYMBOL_EXTENSIONS = YES;
				CLANG_ANALYZER_NONNULL = YES;
				CLANG_ANALYZER_NUMBER_OBJECT_CONVERSION = YES_AGGRESSIVE;
				CLANG_CXX_LANGUAGE_STANDARD = "gnu++20";
				CLANG_ENABLE_MODULES = YES;
				CLANG_ENABLE_OBJC_ARC = YES;
				CLANG_ENABLE_OBJC_WEAK = YES;
				CLANG_WARN_BLOCK_CAPTURE_AUTORELEASING = YES;
				CLANG_WARN_BOOL_CONVERSION = YES;
				CLANG_WARN_COMMA = YES;
				CLANG_WARN_CONSTANT_CONVERSION = YES;
				CLANG_WARN_DEPRECATED_OBJC_IMPLEMENTATIONS = YES;
				CLANG_WARN_DIRECT_OBJC_ISA_USAGE = YES_ERROR;
				CLANG_WARN_DOCUMENTATION_COMMENTS = YES;
				CLANG_WARN_EMPTY_BODY = YES;
				CLANG_WARN_ENUM_CONVERSION = YES;
				CLANG_WARN_INFINITE_RECURSION = YES;
				CLANG_WARN_INT_CONVERSION = YES;
				CLANG_WARN_NON_LITERAL_NULL_CONVERSION = YES;
				CLANG_WARN_OBJC_IMPLICIT_RETAIN_SELF = YES;
				CLANG_WARN_OBJC_LITERAL_CONVERSION = YES;
				CLANG_WARN_OBJC_ROOT_CLASS = YES_ERROR;
				CLANG_WARN_QUOTED_INCLUDE_IN_FRAMEWORK_HEADER = YES;
				CLANG_WARN_RANGE_LOOP_ANALYSIS = YES;
				CLANG_WARN_STRICT_PROTOTYPES = YES;
				CLANG_WARN_SUSPICIOUS_MOVE = YES;
				CLANG_WARN_UNGUARDED_AVAILABILITY = YES_AGGRESSIVE;
				CLANG_WARN_UNREACHABLE_CODE = YES;
				CLANG_WARN__DUPLICATE_METHOD_MATCH = YES;
				COPY_PHASE_STRIP = NO;
				DEBUG_INFORMATION_FORMAT = dwarf;
				DEVELOPMENT_TEAM = 4CXBYS784C;
				ENABLE_STRICT_OBJC_MSGSEND = YES;
				ENABLE_TESTABILITY = YES;
				ENABLE_USER_SCRIPT_SANDBOXING = YES;
				GCC_C_LANGUAGE_STANDARD = gnu17;
				GCC_DYNAMIC_NO_PIC = NO;
				GCC_NO_COMMON_BLOCKS = YES;
				GCC_OPTIMIZATION_LEVEL = 0;
				GCC_PREPROCESSOR_DEFINITIONS = (
					"DEBUG=1",
					"$(inherited)",
				);
				GCC_WARN_64_TO_32_BIT_CONVERSION = YES;
				GCC_WARN_ABOUT_RETURN_TYPE = YES_ERROR;
				GCC_WARN_UNDECLARED_SELECTOR = YES;
				GCC_WARN_UNINITIALIZED_AUTOS = YES_AGGRESSIVE;
				GCC_WARN_UNUSED_FUNCTION = YES;
				GCC_WARN_UNUSED_VARIABLE = YES;
				IPHONEOS_DEPLOYMENT_TARGET = 26.0;
				LOCALIZATION_PREFERS_STRING_CATALOGS = YES;
				MTL_ENABLE_DEBUG_INFO = INCLUDE_SOURCE;
				MTL_FAST_MATH = YES;
				ONLY_ACTIVE_ARCH = YES;
				SDKROOT = iphoneos;
				SWIFT_ACTIVE_COMPILATION_CONDITIONS = "DEBUG $(inherited)";
				SWIFT_OPTIMIZATION_LEVEL = "-Onone";
			};
			name = Debug;
		};
		9F5D938E2E9736FC00D30A9F /* Release */ = {
			isa = XCBuildConfiguration;
			buildSettings = {
				ALWAYS_SEARCH_USER_PATHS = NO;
				ASSETCATALOG_COMPILER_GENERATE_SWIFT_ASSET_SYMBOL_EXTENSIONS = YES;
				CLANG_ANALYZER_NONNULL = YES;
				CLANG_ANALYZER_NUMBER_OBJECT_CONVERSION = YES_AGGRESSIVE;
				CLANG_CXX_LANGUAGE_STANDARD = "gnu++20";
				CLANG_ENABLE_MODULES = YES;
				CLANG_ENABLE_OBJC_ARC = YES;
				CLANG_ENABLE_OBJC_WEAK = YES;
				CLANG_WARN_BLOCK_CAPTURE_AUTORELEASING = YES;
				CLANG_WARN_BOOL_CONVERSION = YES;
				CLANG_WARN_COMMA = YES;
				CLANG_WARN_CONSTANT_CONVERSION = YES;
				CLANG_WARN_DEPRECATED_OBJC_IMPLEMENTATIONS = YES;
				CLANG_WARN_DIRECT_OBJC_ISA_USAGE = YES_ERROR;
				CLANG_WARN_DOCUMENTATION_COMMENTS = YES;
				CLANG_WARN_EMPTY_BODY = YES;
				CLANG_WARN_ENUM_CONVERSION = YES;
				CLANG_WARN_INFINITE_RECURSION = YES;
				CLANG_WARN_INT_CONVERSION = YES;
				CLANG_WARN_NON_LITERAL_NULL_CONVERSION = YES;
				CLANG_WARN_OBJC_IMPLICIT_RETAIN_SELF = YES;
				CLANG_WARN_OBJC_LITERAL_CONVERSION = YES;
				CLANG_WARN_OBJC_ROOT_CLASS = YES_ERROR;
				CLANG_WARN_QUOTED_INCLUDE_IN_FRAMEWORK_HEADER = YES;
				CLANG_WARN_RANGE_LOOP_ANALYSIS = YES;
				CLANG_WARN_STRICT_PROTOTYPES = YES;
				CLANG_WARN_SUSPICIOUS_MOVE = YES;
				CLANG_WARN_UNGUARDED_AVAILABILITY = YES_AGGRESSIVE;
				CLANG_WARN_UNREACHABLE_CODE = YES;
				CLANG_WARN__DUPLICATE_METHOD_MATCH = YES;
				COPY_PHASE_STRIP = NO;
				DEBUG_INFORMATION_FORMAT = "dwarf-with-dsym";
				DEVELOPMENT_TEAM = 4CXBYS784C;
				ENABLE_NS_ASSERTIONS = NO;
				ENABLE_STRICT_OBJC_MSGSEND = YES;
				ENABLE_USER_SCRIPT_SANDBOXING = YES;
				GCC_C_LANGUAGE_STANDARD = gnu17;
				GCC_NO_COMMON_BLOCKS = YES;
				GCC_WARN_64_TO_32_BIT_CONVERSION = YES;
				GCC_WARN_ABOUT_RETURN_TYPE = YES_ERROR;
				GCC_WARN_UNDECLARED_SELECTOR = YES;
				GCC_WARN_UNINITIALIZED_AUTOS = YES_AGGRESSIVE;
				GCC_WARN_UNUSED_FUNCTION = YES;
				GCC_WARN_UNUSED_VARIABLE = YES;
				IPHONEOS_DEPLOYMENT_TARGET = 26.0;
				LOCALIZATION_PREFERS_STRING_CATALOGS = YES;
				MTL_ENABLE_DEBUG_INFO = NO;
				MTL_FAST_MATH = YES;
				SDKROOT = iphoneos;
				SWIFT_COMPILATION_MODE = wholemodule;
				VALIDATE_PRODUCT = YES;
			};
			name = Release;
		};
		9F5D93902E9736FC00D30A9F /* Debug */ = {
			isa = XCBuildConfiguration;
			buildSettings = {
				BUNDLE_LOADER = "$(TEST_HOST)";
				CODE_SIGN_STYLE = Automatic;
				CURRENT_PROJECT_VERSION = 1;
				DEVELOPMENT_TEAM = 4CXBYS784C;
				GENERATE_INFOPLIST_FILE = YES;
				IPHONEOS_DEPLOYMENT_TARGET = 26.0;
				MARKETING_VERSION = 1.0;
				PRODUCT_BUNDLE_IDENTIFIER = "erin-ndrio.identitybuilderTests";
				PRODUCT_NAME = "$(TARGET_NAME)";
				STRING_CATALOG_GENERATE_SYMBOLS = NO;
				SWIFT_APPROACHABLE_CONCURRENCY = YES;
				SWIFT_EMIT_LOC_STRINGS = NO;
				SWIFT_UPCOMING_FEATURE_MEMBER_IMPORT_VISIBILITY = YES;
				SWIFT_VERSION = 5.0;
				TARGETED_DEVICE_FAMILY = "1,2";
				TEST_HOST = "$(BUILT_PRODUCTS_DIR)/identitybuilder.app/$(BUNDLE_EXECUTABLE_FOLDER_PATH)/identitybuilder";
			};
			name = Debug;
		};
		9F5D93912E9736FC00D30A9F /* Release */ = {
			isa = XCBuildConfiguration;
			buildSettings = {
				BUNDLE_LOADER = "$(TEST_HOST)";
				CODE_SIGN_STYLE = Automatic;
				CURRENT_PROJECT_VERSION = 1;
				DEVELOPMENT_TEAM = 4CXBYS784C;
				GENERATE_INFOPLIST_FILE = YES;
				IPHONEOS_DEPLOYMENT_TARGET = 26.0;
				MARKETING_VERSION = 1.0;
				PRODUCT_BUNDLE_IDENTIFIER = "erin-ndrio.identitybuilderTests";
				PRODUCT_NAME = "$(TARGET_NAME)";
				STRING_CATALOG_GENERATE_SYMBOLS = NO;
				SWIFT_APPROACHABLE_CONCURRENCY = YES;
				SWIFT_EMIT_LOC_STRINGS = NO;
				SWIFT_UPCOMING_FEATURE_MEMBER_IMPORT_VISIBILITY = YES;
				SWIFT_VERSION = 5.0;
				TARGETED_DEVICE_FAMILY = "1,2";
				TEST_HOST = "$(BUILT_PRODUCTS_DIR)/identitybuilder.app/$(BUNDLE_EXECUTABLE_FOLDER_PATH)/identitybuilder";
			};
			name = Release;
		};
		9F5D93932E9736FC00D30A9F /* Debug */ = {
			isa = XCBuildConfiguration;
			buildSettings = {
				CODE_SIGN_STYLE = Automatic;
				CURRENT_PROJECT_VERSION = 1;
				DEVELOPMENT_TEAM = 4CXBYS784C;
				GENERATE_INFOPLIST_FILE = YES;
				MARKETING_VERSION = 1.0;
				PRODUCT_BUNDLE_IDENTIFIER = "erin-ndrio.identitybuilderUITests";
				PRODUCT_NAME = "$(TARGET_NAME)";
				STRING_CATALOG_GENERATE_SYMBOLS = NO;
				SWIFT_APPROACHABLE_CONCURRENCY = YES;
				SWIFT_EMIT_LOC_STRINGS = NO;
				SWIFT_UPCOMING_FEATURE_MEMBER_IMPORT_VISIBILITY = YES;
				SWIFT_VERSION = 5.0;
				TARGETED_DEVICE_FAMILY = "1,2";
				TEST_TARGET_NAME = identitybuilder;
			};
			name = Debug;
		};
		9F5D93942E9736FC00D30A9F /* Release */ = {
			isa = XCBuildConfiguration;
			buildSettings = {
				CODE_SIGN_STYLE = Automatic;
				CURRENT_PROJECT_VERSION = 1;
				DEVELOPMENT_TEAM = 4CXBYS784C;
				GENERATE_INFOPLIST_FILE = YES;
				MARKETING_VERSION = 1.0;
				PRODUCT_BUNDLE_IDENTIFIER = "erin-ndrio.identitybuilderUITests";
				PRODUCT_NAME = "$(TARGET_NAME)";
				STRING_CATALOG_GENERATE_SYMBOLS = NO;
				SWIFT_APPROACHABLE_CONCURRENCY = YES;
				SWIFT_EMIT_LOC_STRINGS = NO;
				SWIFT_UPCOMING_FEATURE_MEMBER_IMPORT_VISIBILITY = YES;
				SWIFT_VERSION = 5.0;
				TARGETED_DEVICE_FAMILY = "1,2";
				TEST_TARGET_NAME = identitybuilder;
			};
			name = Release;
		};
		9F7ED2582EA270F7006708B8 /* Debug */ = {
			isa = XCBuildConfiguration;
			buildSettings = {
				ASSETCATALOG_COMPILER_GLOBAL_ACCENT_COLOR_NAME = AccentColor;
				ASSETCATALOG_COMPILER_WIDGET_BACKGROUND_COLOR_NAME = WidgetBackground;
				CODE_SIGN_ENTITLEMENTS = IdentityBuilderWidgetExtension.entitlements;
				CODE_SIGN_STYLE = Automatic;
				CURRENT_PROJECT_VERSION = 1;
				DEVELOPMENT_TEAM = 4CXBYS784C;
				GENERATE_INFOPLIST_FILE = YES;
				INFOPLIST_FILE = IdentityBuilderWidget/Info.plist;
				INFOPLIST_KEY_CFBundleDisplayName = IdentityBuilderWidget;
				INFOPLIST_KEY_NSHumanReadableCopyright = "";
				LD_RUNPATH_SEARCH_PATHS = (
					"$(inherited)",
					"@executable_path/Frameworks",
					"@executable_path/../../Frameworks",
				);
				MARKETING_VERSION = 1.0;
				PRODUCT_BUNDLE_IDENTIFIER = "erin-ndrio.identitybuilder.IdentityBuilderWidget";
				PRODUCT_NAME = "$(TARGET_NAME)";
				SKIP_INSTALL = YES;
				STRING_CATALOG_GENERATE_SYMBOLS = YES;
				SWIFT_APPROACHABLE_CONCURRENCY = YES;
				SWIFT_EMIT_LOC_STRINGS = YES;
				SWIFT_UPCOMING_FEATURE_MEMBER_IMPORT_VISIBILITY = YES;
				SWIFT_VERSION = 5.0;
				TARGETED_DEVICE_FAMILY = "1,2";
			};
			name = Debug;
		};
		9F7ED2592EA270F7006708B8 /* Release */ = {
			isa = XCBuildConfiguration;
			buildSettings = {
				ASSETCATALOG_COMPILER_GLOBAL_ACCENT_COLOR_NAME = AccentColor;
				ASSETCATALOG_COMPILER_WIDGET_BACKGROUND_COLOR_NAME = WidgetBackground;
				CODE_SIGN_ENTITLEMENTS = IdentityBuilderWidgetExtension.entitlements;
				CODE_SIGN_STYLE = Automatic;
				CURRENT_PROJECT_VERSION = 1;
				DEVELOPMENT_TEAM = 4CXBYS784C;
				GENERATE_INFOPLIST_FILE = YES;
				INFOPLIST_FILE = IdentityBuilderWidget/Info.plist;
				INFOPLIST_KEY_CFBundleDisplayName = IdentityBuilderWidget;
				INFOPLIST_KEY_NSHumanReadableCopyright = "";
				LD_RUNPATH_SEARCH_PATHS = (
					"$(inherited)",
					"@executable_path/Frameworks",
					"@executable_path/../../Frameworks",
				);
				MARKETING_VERSION = 1.0;
				PRODUCT_BUNDLE_IDENTIFIER = "erin-ndrio.identitybuilder.IdentityBuilderWidget";
				PRODUCT_NAME = "$(TARGET_NAME)";
				SKIP_INSTALL = YES;
				STRING_CATALOG_GENERATE_SYMBOLS = YES;
				SWIFT_APPROACHABLE_CONCURRENCY = YES;
				SWIFT_EMIT_LOC_STRINGS = YES;
				SWIFT_UPCOMING_FEATURE_MEMBER_IMPORT_VISIBILITY = YES;
				SWIFT_VERSION = 5.0;
				TARGETED_DEVICE_FAMILY = "1,2";
			};
			name = Release;
		};
/* End XCBuildConfiguration section */

/* Begin XCConfigurationList section */
		9F5D93612E9736F900D30A9F /* Build configuration list for PBXProject "identitybuilder" */ = {
			isa = XCConfigurationList;
			buildConfigurations = (
				9F5D938D2E9736FC00D30A9F /* Debug */,
				9F5D938E2E9736FC00D30A9F /* Release */,
			);
			defaultConfigurationIsVisible = 0;
			defaultConfigurationName = Release;
		};
		9F5D938A2E9736FC00D30A9F /* Build configuration list for PBXNativeTarget "identitybuilder" */ = {
			isa = XCConfigurationList;
			buildConfigurations = (
				9F5D938B2E9736FC00D30A9F /* Debug */,
				9F5D938C2E9736FC00D30A9F /* Release */,
			);
			defaultConfigurationIsVisible = 0;
			defaultConfigurationName = Release;
		};
		9F5D938F2E9736FC00D30A9F /* Build configuration list for PBXNativeTarget "identitybuilderTests" */ = {
			isa = XCConfigurationList;
			buildConfigurations = (
				9F5D93902E9736FC00D30A9F /* Debug */,
				9F5D93912E9736FC00D30A9F /* Release */,
			);
			defaultConfigurationIsVisible = 0;
			defaultConfigurationName = Release;
		};
		9F5D93922E9736FC00D30A9F /* Build configuration list for PBXNativeTarget "identitybuilderUITests" */ = {
			isa = XCConfigurationList;
			buildConfigurations = (
				9F5D93932E9736FC00D30A9F /* Debug */,
				9F5D93942E9736FC00D30A9F /* Release */,
			);
			defaultConfigurationIsVisible = 0;
			defaultConfigurationName = Release;
		};
		9F7ED2572EA270F7006708B8 /* Build configuration list for PBXNativeTarget "IdentityBuilderWidgetExtension" */ = {
			isa = XCConfigurationList;
			buildConfigurations = (
				9F7ED2582EA270F7006708B8 /* Debug */,
				9F7ED2592EA270F7006708B8 /* Release */,
			);
			defaultConfigurationIsVisible = 0;
			defaultConfigurationName = Release;
		};
/* End XCConfigurationList section */
	};
	rootObject = 9F5D935E2E9736F900D30A9F /* Project object */;
}
